
Microsoft Visual Studio Solution File, Format Version 12.00
# Visual Studio Version 17
VisualStudioVersion = 17.12.35527.113 d17.12
MinimumVisualStudioVersion = 10.0.40219.1
Project("{FAE04EC0-301F-11D3-BF4B-00C04F79EFBC}") = "PaulProject", "PaulProject.csproj", "{6FA3EB45-B3A5-4791-8CDC-3BFEFB0986DE}"
EndProject
Global
	GlobalSection(SolutionConfigurationPlatforms) = preSolution
		Debug|Any CPU = Debug|Any CPU
		Release|Any CPU = Release|Any CPU
	EndGlobalSection
	GlobalSection(ProjectConfigurationPlatforms) = postSolution
		{6FA3EB45-B3A5-4791-8CDC-3BFEFB0986DE}.Debug|Any CPU.ActiveCfg = Debug|Any CPU
		{6FA3EB45-B3A5-4791-8CDC-3BFEFB0986DE}.Debug|Any CPU.Build.0 = Debug|Any CPU
		{6FA3EB45-B3A5-4791-8CDC-3BFEFB0986DE}.Release|Any CPU.ActiveCfg = Release|Any CPU
		{6FA3EB45-B3A5-4791-8CDC-3BFEFB0986DE}.Release|Any CPU.Build.0 = Release|Any CPU
	EndGlobalSection
	GlobalSection(SolutionProperties) = preSolution
		HideSolutionNode = FALSE
	EndGlobalSection
EndGlobal
